{
  "originHash" : "630f24f8792c7928a75a1b650795b58a465c465ce0c3544943d45905209de526",
  "pins" : [
    {
      "identity" : "triedictionary",
      "kind" : "remoteSourceControl",
      "location" : "https://github.com/treehauslabs/TrieDictionary.git",
      "state" : {
        "revision" : "d94c9c4fb4245d1edf9b8ce3a8225d42400b97fe",
        "version" : "1.0.0"
      }
    }
  ],
  "version" : 3
}
