{
  "originHash" : "8f6560948d2a81f9537c02b153ba9907db413040b9c17201ca574227fc947dde",
  "pins" : [
    {
      "identity" : "triedictionary",
      "kind" : "remoteSourceControl",
      "location" : "https://github.com/pumperknickle/TrieDictionary.git",
      "state" : {
        "revision" : "982c39de89bd8981dc368c95ca291b4f95477611",
        "version" : "0.0.9"
      }
    }
  ],
  "version" : 3
}
