{
  "originHash" : "ad3253ff97b5b2d33d1fdc5af380a49971f6bf68190208ee380575854847baf6",
  "pins" : [
    {
      "identity" : "triedictionary",
      "kind" : "remoteSourceControl",
      "location" : "https://github.com/pumperknickle/TrieDictionary.git",
      "state" : {
        "revision" : "05b5daa6840b0fa43f46013a1e3ea8fe8b0c0ba3",
        "version" : "0.0.4"
      }
    }
  ],
  "version" : 3
}
